
Microsoft Visual Studio Solution File, Format Version 12.00
# Visual Studio 15
VisualStudioVersion = 15.0.28010.2003
MinimumVisualStudioVersion = 10.0.40219.1
Project("{FAE04EC0-301F-11D3-BF4B-00C04F79EFBC}") = "LearnReact", "LearnReact\LearnReact.csproj", "{A31E2F6E-6401-46B1-A504-633D8138A286}"
EndProject
Project("{FAE04EC0-301F-11D3-BF4B-00C04F79EFBC}") = "DataAccess", "DataAccess\DataAccess.csproj", "{45E7BB3D-6AFB-4422-B805-D94C3C805743}"
EndProject
Global
	GlobalSection(SolutionConfigurationPlatforms) = preSolution
		Debug|Any CPU = Debug|Any CPU
		Release|Any CPU = Release|Any CPU
	EndGlobalSection
	GlobalSection(ProjectConfigurationPlatforms) = postSolution
		{A31E2F6E-6401-46B1-A504-633D8138A286}.Debug|Any CPU.ActiveCfg = Debug|Any CPU
		{A31E2F6E-6401-46B1-A504-633D8138A286}.Debug|Any CPU.Build.0 = Debug|Any CPU
		{A31E2F6E-6401-46B1-A504-633D8138A286}.Release|Any CPU.ActiveCfg = Release|Any CPU
		{A31E2F6E-6401-46B1-A504-633D8138A286}.Release|Any CPU.Build.0 = Release|Any CPU
		{45E7BB3D-6AFB-4422-B805-D94C3C805743}.Debug|Any CPU.ActiveCfg = Debug|Any CPU
		{45E7BB3D-6AFB-4422-B805-D94C3C805743}.Debug|Any CPU.Build.0 = Debug|Any CPU
		{45E7BB3D-6AFB-4422-B805-D94C3C805743}.Release|Any CPU.ActiveCfg = Release|Any CPU
		{45E7BB3D-6AFB-4422-B805-D94C3C805743}.Release|Any CPU.Build.0 = Release|Any CPU
	EndGlobalSection
	GlobalSection(SolutionProperties) = preSolution
		HideSolutionNode = FALSE
	EndGlobalSection
	GlobalSection(ExtensibilityGlobals) = postSolution
		SolutionGuid = {5F4964EB-0D89-438E-9D0D-7B9A22A1DD70}
	EndGlobalSection
EndGlobal
